
Microsoft Visual Studio Solution File, Format Version 12.00
# Visual Studio Version 16
VisualStudioVersion = 16.0.30503.244
MinimumVisualStudioVersion = 10.0.40219.1
Project("{FAE04EC0-301F-11D3-BF4B-00C04F79EFBC}") = "CirclePictureBoxWinForm", "CirclePictureBoxWinForm\CirclePictureBoxWinForm.csproj", "{2811EE68-0F07-42D8-8A1E-300838CC0CF5}"
EndProject
Global
	GlobalSection(SolutionConfigurationPlatforms) = preSolution
		Debug|Any CPU = Debug|Any CPU
		Release|Any CPU = Release|Any CPU
	EndGlobalSection
	GlobalSection(ProjectConfigurationPlatforms) = postSolution
		{2811EE68-0F07-42D8-8A1E-300838CC0CF5}.Debug|Any CPU.ActiveCfg = Debug|Any CPU
		{2811EE68-0F07-42D8-8A1E-300838CC0CF5}.Debug|Any CPU.Build.0 = Debug|Any CPU
		{2811EE68-0F07-42D8-8A1E-300838CC0CF5}.Release|Any CPU.ActiveCfg = Release|Any CPU
		{2811EE68-0F07-42D8-8A1E-300838CC0CF5}.Release|Any CPU.Build.0 = Release|Any CPU
	EndGlobalSection
	GlobalSection(SolutionProperties) = preSolution
		HideSolutionNode = FALSE
	EndGlobalSection
	GlobalSection(ExtensibilityGlobals) = postSolution
		SolutionGuid = {4FD19933-1400-4DBB-A9EC-6A973722498E}
	EndGlobalSection
EndGlobal
